
Microsoft Visual Studio Solution File, Format Version 12.00
# Visual Studio 15
VisualStudioVersion = 15.0.28307.102
MinimumVisualStudioVersion = 10.0.40219.1
Project("{FAE04EC0-301F-11D3-BF4B-00C04F79EFBC}") = "TaskListCapstone6", "TaskListCapstone6\TaskListCapstone6.csproj", "{D45272B6-7C0B-439D-9466-1AA6A1DDDA5B}"
EndProject
Global
	GlobalSection(SolutionConfigurationPlatforms) = preSolution
		Debug|Any CPU = Debug|Any CPU
		Release|Any CPU = Release|Any CPU
	EndGlobalSection
	GlobalSection(ProjectConfigurationPlatforms) = postSolution
		{D45272B6-7C0B-439D-9466-1AA6A1DDDA5B}.Debug|Any CPU.ActiveCfg = Debug|Any CPU
		{D45272B6-7C0B-439D-9466-1AA6A1DDDA5B}.Debug|Any CPU.Build.0 = Debug|Any CPU
		{D45272B6-7C0B-439D-9466-1AA6A1DDDA5B}.Release|Any CPU.ActiveCfg = Release|Any CPU
		{D45272B6-7C0B-439D-9466-1AA6A1DDDA5B}.Release|Any CPU.Build.0 = Release|Any CPU
	EndGlobalSection
	GlobalSection(SolutionProperties) = preSolution
		HideSolutionNode = FALSE
	EndGlobalSection
	GlobalSection(ExtensibilityGlobals) = postSolution
		SolutionGuid = {D0A11AE8-C2F5-40F4-9178-C0896C395FC6}
	EndGlobalSection
EndGlobal
